
Microsoft Visual Studio Solution File, Format Version 12.00
# Visual Studio Version 17
VisualStudioVersion = 17.3.32819.101
MinimumVisualStudioVersion = 10.0.40219.1
Project("{9A19103F-16F7-4668-BE54-9A1E7A4F7556}") = "winforms", "Labb3\winforms.csproj", "{B1CECD53-9BF4-4460-A40B-2315F0C5D47A}"
EndProject
Project("{FAE04EC0-301F-11D3-BF4B-00C04F79EFBC}") = "Console", "Console\Console.csproj", "{C3B092FB-A2A3-4501-BB49-70666043E581}"
EndProject
Project("{FAE04EC0-301F-11D3-BF4B-00C04F79EFBC}") = "Library", "Library\Library.csproj", "{FC15A7A0-0BE5-41AD-8707-664F3F2B2580}"
EndProject
Global
	GlobalSection(SolutionConfigurationPlatforms) = preSolution
		Debug|Any CPU = Debug|Any CPU
		Release|Any CPU = Release|Any CPU
	EndGlobalSection
	GlobalSection(ProjectConfigurationPlatforms) = postSolution
		{B1CECD53-9BF4-4460-A40B-2315F0C5D47A}.Debug|Any CPU.ActiveCfg = Debug|Any CPU
		{B1CECD53-9BF4-4460-A40B-2315F0C5D47A}.Debug|Any CPU.Build.0 = Debug|Any CPU
		{B1CECD53-9BF4-4460-A40B-2315F0C5D47A}.Release|Any CPU.ActiveCfg = Release|Any CPU
		{B1CECD53-9BF4-4460-A40B-2315F0C5D47A}.Release|Any CPU.Build.0 = Release|Any CPU
		{C3B092FB-A2A3-4501-BB49-70666043E581}.Debug|Any CPU.ActiveCfg = Debug|Any CPU
		{C3B092FB-A2A3-4501-BB49-70666043E581}.Debug|Any CPU.Build.0 = Debug|Any CPU
		{C3B092FB-A2A3-4501-BB49-70666043E581}.Release|Any CPU.ActiveCfg = Release|Any CPU
		{C3B092FB-A2A3-4501-BB49-70666043E581}.Release|Any CPU.Build.0 = Release|Any CPU
		{FC15A7A0-0BE5-41AD-8707-664F3F2B2580}.Debug|Any CPU.ActiveCfg = Debug|Any CPU
		{FC15A7A0-0BE5-41AD-8707-664F3F2B2580}.Debug|Any CPU.Build.0 = Debug|Any CPU
		{FC15A7A0-0BE5-41AD-8707-664F3F2B2580}.Release|Any CPU.ActiveCfg = Release|Any CPU
		{FC15A7A0-0BE5-41AD-8707-664F3F2B2580}.Release|Any CPU.Build.0 = Release|Any CPU
	EndGlobalSection
	GlobalSection(SolutionProperties) = preSolution
		HideSolutionNode = FALSE
	EndGlobalSection
	GlobalSection(ExtensibilityGlobals) = postSolution
		SolutionGuid = {CAEE1C36-4939-47E8-B548-0345B03EFB7F}
	EndGlobalSection
EndGlobal
